{
  "name": "pludor-world",
  "version": "0.2.0",
  "lockfileVersion": 3,
  "requires": true,
  "packages": {
    "": {
      "name": "pludor-world",
      "version": "0.2.0",
      "license": "UNLICENSED",
      "dependencies": {
        "ws": "^8.22.0"
      },
      "devDependencies": {
        "@gltf-transform/core": "^4.5.1",
        "@gltf-transform/extensions": "^4.5.1",
        "meshoptimizer": "^1.3.0"
      },
      "engines": {
        "node": ">=20"
      }
    },
    "node_modules/@gltf-transform/core": {
      "version": "4.5.1",
      "resolved": "https://registry.npmjs.org/@gltf-transform/core/-/core-4.5.1.tgz",
      "integrity": "sha512-OWgBYssKHKoXMIrMb2N20jXqWRnMP9HdtcTFQBEAJtz4P+OOxx5fozl5eAeK7nktIs5uDE/lu4NbkE5VCZaR9g==",
      "dev": true,
      "license": "MIT",
      "dependencies": {
        "property-graph": "^4.1.0"
      },
      "funding": {
        "url": "https://github.com/sponsors/donmccurdy"
      }
    },
    "node_modules/@gltf-transform/extensions": {
      "version": "4.5.1",
      "resolved": "https://registry.npmjs.org/@gltf-transform/extensions/-/extensions-4.5.1.tgz",
      "integrity": "sha512-3jTe+GWRy4fj1TU790LPsO+rpO/4byUWPTpNkjy6M6h8RvrUivRf12Mptc0770K4ZczibpJDNHXZFkFsFMRDLA==",
      "dev": true,
      "license": "MIT",
      "dependencies": {
        "@gltf-transform/core": "^4.5.1",
        "ktx-parse": "^1.1.0"
      },
      "funding": {
        "url": "https://github.com/sponsors/donmccurdy"
      }
    },
    "node_modules/ktx-parse": {
      "version": "1.1.0",
      "resolved": "https://registry.npmjs.org/ktx-parse/-/ktx-parse-1.1.0.tgz",
      "integrity": "sha512-mKp3y+FaYgR7mXWAbyyzpa/r1zDWeaunH+INJO4fou3hb45XuNSwar+7llrRyvpMWafxSIi99RNFJ05MHedaJQ==",
      "dev": true,
      "license": "MIT"
    },
    "node_modules/meshoptimizer": {
      "version": "1.3.0",
      "resolved": "https://registry.npmjs.org/meshoptimizer/-/meshoptimizer-1.3.0.tgz",
      "integrity": "sha512-2oZqMAcEEiCtXWUjIGtZ71oPx1B0ZxYGTqIKsXB1wzWFhleNsCFxQuUJzgCV706bRcwPWtMGf1odmQvAcqKkIw==",
      "dev": true,
      "license": "MIT"
    },
    "node_modules/property-graph": {
      "version": "4.1.0",
      "resolved": "https://registry.npmjs.org/property-graph/-/property-graph-4.1.0.tgz",
      "integrity": "sha512-AvPcP7XECNWy4LGmFQ77k7un4lSKM4eS29PTvW4ck95uYeLxXPWJM7hLuBqK91FaHqCcgJvIUCuNJjjxKE7VKQ==",
      "dev": true,
      "license": "MIT"
    },
    "node_modules/ws": {
      "version": "8.22.0",
      "resolved": "https://registry.npmjs.org/ws/-/ws-8.22.0.tgz",
      "integrity": "sha512-Ydggc987+RO0AnWtZ/7Wq9FtNvcrL1b/RO0ud9mWjUPgDrsAAwQSF51sm2hm1XofbU/4jkpGEsLFsZZxU+1DOg==",
      "license": "MIT",
      "engines": {
        "node": ">=10.0.0"
      },
      "peerDependencies": {
        "bufferutil": "^4.0.1",
        "utf-8-validate": ">=5.0.2"
      },
      "peerDependenciesMeta": {
        "bufferutil": {
          "optional": true
        },
        "utf-8-validate": {
          "optional": true
        }
      }
    }
  }
}
